{
  "requires": true,
  "lockfileVersion": 1,
  "dependencies": {
    "@types/google-apps-script": {
      "version": "0.0.27",
      "resolved": "https://registry.npmjs.org/@types/google-apps-script/-/google-apps-script-0.0.27.tgz",
      "integrity": "sha512-jV4lBWP0mo5VVf5IqGWsCelfV2y2IUBs/etf/iJSqlCNeRvd/qiTH8KwY9O1o9ong1tPlCMzgiMiksa0wbwnVg=="
    },
    "dayjs": {
      "version": "1.7.7",
      "resolved": "https://registry.npmjs.org/dayjs/-/dayjs-1.7.7.tgz",
      "integrity": "sha512-Qlkiu0NNDpYwhk0syK4ImvAl/5YnsEMkvC2O123INviGeOA3Q8s5VyVkZzmN5SC7Wv9bb1+rfwO+uSqtHB4UWw=="
    }
  }
}
